{
  "originHash" : "549522aff5b19c3c30f7abf1ea54364ae499b20b64e1f69406734aead8963969",
  "pins" : [
    {
      "identity" : "aiproxyswift",
      "kind" : "remoteSourceControl",
      "location" : "https://github.com/lzell/AIProxySwift",
      "state" : {
        "revision" : "971c33725de546414a2991816bbc7b1b0f0e49dd",
        "version" : "0.131.1"
      }
    }
  ],
  "version" : 3
}
