// !$*UTF8*$!
{
	archiveVersion = 1;
	classes = {
	};
	objectVersion = 77;
	objects = {

/* Begin PBXBuildFile section */
		29FB873D2EBC0B2C00912190 /* AIProxy in Frameworks */ = {isa = PBXBuildFile; productRef = 29FB873C2EBC0B2C00912190 /* AIProxy */; };
/* End PBXBuildFile section */

/* Begin PBXContainerItemProxy section */
		29FB871F2EBBD7F200912190 /* PBXContainerItemProxy */ = {
			isa = PBXContainerItemProxy;
			containerPortal = 29FB87092EBBD7F100912190 /* Project object */;
			proxyType = 1;
			remoteGlobalIDString = 29FB87102EBBD7F100912190;
			remoteInfo = "Blueberry Learn";
		};
		29FB87292EBBD7F200912190 /* PBXContainerItemProxy */ = {
			isa = PBXContainerItemProxy;
			containerPortal = 29FB87092EBBD7F100912190 /* Project object */;
			proxyType = 1;
			remoteGlobalIDString = 29FB87102EBBD7F100912190;
			remoteInfo = "Blueberry Learn";
		};
/* End PBXContainerItemProxy section */

/* Begin PBXFileReference section */
		29FB87112EBBD7F100912190 /* Blueberry Learn.app */ = {isa = PBXFileReference; explicitFileType = wrapper.application; includeInIndex = 0; path = "Blueberry Learn.app"; sourceTree = BUILT_PRODUCTS_DIR; };
		29FB871E2EBBD7F200912190 /* Blueberry LearnTests.xctest */ = {isa = PBXFileReference; explicitFileType = wrapper.cfbundle; includeInIndex = 0; path = "Blueberry LearnTests.xctest"; sourceTree = BUILT_PRODUCTS_DIR; };
		29FB87282EBBD7F200912190 /* Blueberry LearnUITests.xctest */ = {isa = PBXFileReference; explicitFileType = wrapper.cfbundle; includeInIndex = 0; path = "Blueberry LearnUITests.xctest"; sourceTree = BUILT_PRODUCTS_DIR; };
/* End PBXFileReference section */

/* Begin PBXFileSystemSynchronizedRootGroup section */
		29FB87132EBBD7F100912190 /* Blueberry Learn */ = {
			isa = PBXFileSystemSynchronizedRootGroup;
			path = "Blueberry Learn";
			sourceTree = "<group>";
		};
		29FB87212EBBD7F200912190 /* Blueberry LearnTests */ = {
			isa = PBXFileSystemSynchronizedRootGroup;
			path = "Blueberry LearnTests";
			sourceTree = "<group>";
		};
		29FB872B2EBBD7F200912190 /* Blueberry LearnUITests */ = {
			isa = PBXFileSystemSynchronizedRootGroup;
			path = "Blueberry LearnUITests";
			sourceTree = "<group>";
		};
/* End PBXFileSystemSynchronizedRootGroup section */

/* Begin PBXFrameworksBuildPhase section */
		29FB870E2EBBD7F100912190 /* Frameworks */ = {
			isa = PBXFrameworksBuildPhase;
			buildActionMask = 2147483647;
			files = (
				29FB873D2EBC0B2C00912190 /* AIProxy in Frameworks */,
			);
			runOnlyForDeploymentPostprocessing = 0;
		};
		29FB871B2EBBD7F200912190 /* Frameworks */ = {
			isa = PBXFrameworksBuildPhase;
			buildActionMask = 2147483647;
			files = (
			);
			runOnlyForDeploymentPostprocessing = 0;
		};
		29FB87252EBBD7F200912190 /* Frameworks */ = {
			isa = PBXFrameworksBuildPhase;
			buildActionMask = 2147483647;
			files = (
			);
			runOnlyForDeploymentPostprocessing = 0;
		};
/* End PBXFrameworksBuildPhase section */

/* Begin PBXGroup section */
		29FB87082EBBD7F100912190 = {
			isa = PBXGroup;
			children = (
				29FB87132EBBD7F100912190 /* Blueberry Learn */,
				29FB87212EBBD7F200912190 /* Blueberry LearnTests */,
				29FB872B2EBBD7F200912190 /* Blueberry LearnUITests */,
				29FB87122EBBD7F100912190 /* Products */,
			);
			sourceTree = "<group>";
		};
		29FB87122EBBD7F100912190 /* Products */ = {
			isa = PBXGroup;
			children = (
				29FB87112EBBD7F100912190 /* Blueberry Learn.app */,
				29FB871E2EBBD7F200912190 /* Blueberry LearnTests.xctest */,
				29FB87282EBBD7F200912190 /* Blueberry LearnUITests.xctest */,
			);
			name = Products;
			sourceTree = "<group>";
		};
/* End PBXGroup section */

/* Begin PBXNativeTarget section */
		29FB87102EBBD7F100912190 /* Blueberry Learn */ = {
			isa = PBXNativeTarget;
			buildConfigurationList = 29FB87322EBBD7F200912190 /* Build configuration list for PBXNativeTarget "Blueberry Learn" */;
			buildPhases = (
				29FB870D2EBBD7F100912190 /* Sources */,
				29FB870E2EBBD7F100912190 /* Frameworks */,
				29FB870F2EBBD7F100912190 /* Resources */,
			);
			buildRules = (
			);
			dependencies = (
			);
			fileSystemSynchronizedGroups = (
				29FB87132EBBD7F100912190 /* Blueberry Learn */,
			);
			name = "Blueberry Learn";
			packageProductDependencies = (
				29FB873C2EBC0B2C00912190 /* AIProxy */,
			);
			productName = "Blueberry Learn";
			productReference = 29FB87112EBBD7F100912190 /* Blueberry Learn.app */;
			productType = "com.apple.product-type.application";
		};
		29FB871D2EBBD7F200912190 /* Blueberry LearnTests */ = {
			isa = PBXNativeTarget;
			buildConfigurationList = 29FB87352EBBD7F200912190 /* Build configuration list for PBXNativeTarget "Blueberry LearnTests" */;
			buildPhases = (
				29FB871A2EBBD7F200912190 /* Sources */,
				29FB871B2EBBD7F200912190 /* Frameworks */,
				29FB871C2EBBD7F200912190 /* Resources */,
			);
			buildRules = (
			);
			dependencies = (
				29FB87202EBBD7F200912190 /* PBXTargetDependency */,
			);
			fileSystemSynchronizedGroups = (
				29FB87212EBBD7F200912190 /* Blueberry LearnTests */,
			);
			name = "Blueberry LearnTests";
			packageProductDependencies = (
			);
			productName = "Blueberry LearnTests";
			productReference = 29FB871E2EBBD7F200912190 /* Blueberry LearnTests.xctest */;
			productType = "com.apple.product-type.bundle.unit-test";
		};
		29FB87272EBBD7F200912190 /* Blueberry LearnUITests */ = {
			isa = PBXNativeTarget;
			buildConfigurationList = 29FB87382EBBD7F200912190 /* Build configuration list for PBXNativeTarget "Blueberry LearnUITests" */;
			buildPhases = (
				29FB87242EBBD7F200912190 /* Sources */,
				29FB87252EBBD7F200912190 /* Frameworks */,
				29FB87262EBBD7F200912190 /* Resources */,
			);
			buildRules = (
			);
			dependencies = (
				29FB872A2EBBD7F200912190 /* PBXTargetDependency */,
			);
			fileSystemSynchronizedGroups = (
				29FB872B2EBBD7F200912190 /* Blueberry LearnUITests */,
			);
			name = "Blueberry LearnUITests";
			packageProductDependencies = (
			);
			productName = "Blueberry LearnUITests";
			productReference = 29FB87282EBBD7F200912190 /* Blueberry LearnUITests.xctest */;
			productType = "com.apple.product-type.bundle.ui-testing";
		};
/* End PBXNativeTarget section */

/* Begin PBXProject section */
		29FB87092EBBD7F100912190 /* Project object */ = {
			isa = PBXProject;
			attributes = {
				BuildIndependentTargetsInParallel = 1;
				LastSwiftUpdateCheck = 2600;
				LastUpgradeCheck = 2600;
				TargetAttributes = {
					29FB87102EBBD7F100912190 = {
						CreatedOnToolsVersion = 26.0;
					};
					29FB871D2EBBD7F200912190 = {
						CreatedOnToolsVersion = 26.0;
						TestTargetID = 29FB87102EBBD7F100912190;
					};
					29FB87272EBBD7F200912190 = {
						CreatedOnToolsVersion = 26.0;
						TestTargetID = 29FB87102EBBD7F100912190;
					};
				};
			};
			buildConfigurationList = 29FB870C2EBBD7F100912190 /* Build configuration list for PBXProject "Blueberry Learn" */;
			developmentRegion = en;
			hasScannedForEncodings = 0;
			knownRegions = (
				en,
				Base,
			);
			mainGroup = 29FB87082EBBD7F100912190;
			minimizedProjectReferenceProxies = 1;
			packageReferences = (
				29FB873B2EBC0B2C00912190 /* XCRemoteSwiftPackageReference "AIProxySwift" */,
			);
			preferredProjectObjectVersion = 77;
			productRefGroup = 29FB87122EBBD7F100912190 /* Products */;
			projectDirPath = "";
			projectRoot = "";
			targets = (
				29FB87102EBBD7F100912190 /* Blueberry Learn */,
				29FB871D2EBBD7F200912190 /* Blueberry LearnTests */,
				29FB87272EBBD7F200912190 /* Blueberry LearnUITests */,
			);
		};
/* End PBXProject section */

/* Begin PBXResourcesBuildPhase section */
		29FB870F2EBBD7F100912190 /* Resources */ = {
			isa = PBXResourcesBuildPhase;
			buildActionMask = 2147483647;
			files = (
			);
			runOnlyForDeploymentPostprocessing = 0;
		};
		29FB871C2EBBD7F200912190 /* Resources */ = {
			isa = PBXResourcesBuildPhase;
			buildActionMask = 2147483647;
			files = (
			);
			runOnlyForDeploymentPostprocessing = 0;
		};
		29FB87262EBBD7F200912190 /* Resources */ = {
			isa = PBXResourcesBuildPhase;
			buildActionMask = 2147483647;
			files = (
			);
			runOnlyForDeploymentPostprocessing = 0;
		};
/* End PBXResourcesBuildPhase section */

/* Begin PBXSourcesBuildPhase section */
		29FB870D2EBBD7F100912190 /* Sources */ = {
			isa = PBXSourcesBuildPhase;
			buildActionMask = 2147483647;
			files = (
			);
			runOnlyForDeploymentPostprocessing = 0;
		};
		29FB871A2EBBD7F200912190 /* Sources */ = {
			isa = PBXSourcesBuildPhase;
			buildActionMask = 2147483647;
			files = (
			);
			runOnlyForDeploymentPostprocessing = 0;
		};
		29FB87242EBBD7F200912190 /* Sources */ = {
			isa = PBXSourcesBuildPhase;
			buildActionMask = 2147483647;
			files = (
			);
			runOnlyForDeploymentPostprocessing = 0;
		};
/* End PBXSourcesBuildPhase section */

/* Begin PBXTargetDependency section */
		29FB87202EBBD7F200912190 /* PBXTargetDependency */ = {
			isa = PBXTargetDependency;
			target = 29FB87102EBBD7F100912190 /* Blueberry Learn */;
			targetProxy = 29FB871F2EBBD7F200912190 /* PBXContainerItemProxy */;
		};
		29FB872A2EBBD7F200912190 /* PBXTargetDependency */ = {
			isa = PBXTargetDependency;
			target = 29FB87102EBBD7F100912190 /* Blueberry Learn */;
			targetProxy = 29FB87292EBBD7F200912190 /* PBXContainerItemProxy */;
		};
/* End PBXTargetDependency section */

/* Begin XCBuildConfiguration section */
		29FB87302EBBD7F200912190 /* Debug */ = {
			isa = XCBuildConfiguration;
			buildSettings = {
				ALWAYS_SEARCH_USER_PATHS = NO;
				ASSETCATALOG_COMPILER_GENERATE_SWIFT_ASSET_SYMBOL_EXTENSIONS = YES;
				CLANG_ANALYZER_NONNULL = YES;
				CLANG_ANALYZER_NUMBER_OBJECT_CONVERSION = YES_AGGRESSIVE;
				CLANG_CXX_LANGUAGE_STANDARD = "gnu++20";
				CLANG_ENABLE_MODULES = YES;
				CLANG_ENABLE_OBJC_ARC = YES;
				CLANG_ENABLE_OBJC_WEAK = YES;
				CLANG_WARN_BLOCK_CAPTURE_AUTORELEASING = YES;
				CLANG_WARN_BOOL_CONVERSION = YES;
				CLANG_WARN_COMMA = YES;
				CLANG_WARN_CONSTANT_CONVERSION = YES;
				CLANG_WARN_DEPRECATED_OBJC_IMPLEMENTATIONS = YES;
				CLANG_WARN_DIRECT_OBJC_ISA_USAGE = YES_ERROR;
				CLANG_WARN_DOCUMENTATION_COMMENTS = YES;
				CLANG_WARN_EMPTY_BODY = YES;
				CLANG_WARN_ENUM_CONVERSION = YES;
				CLANG_WARN_INFINITE_RECURSION = YES;
				CLANG_WARN_INT_CONVERSION = YES;
				CLANG_WARN_NON_LITERAL_NULL_CONVERSION = YES;
				CLANG_WARN_OBJC_IMPLICIT_RETAIN_SELF = YES;
				CLANG_WARN_OBJC_LITERAL_CONVERSION = YES;
				CLANG_WARN_OBJC_ROOT_CLASS = YES_ERROR;
				CLANG_WARN_QUOTED_INCLUDE_IN_FRAMEWORK_HEADER = YES;
				CLANG_WARN_RANGE_LOOP_ANALYSIS = YES;
				CLANG_WARN_STRICT_PROTOTYPES = YES;
				CLANG_WARN_SUSPICIOUS_MOVE = YES;
				CLANG_WARN_UNGUARDED_AVAILABILITY = YES_AGGRESSIVE;
				CLANG_WARN_UNREACHABLE_CODE = YES;
				CLANG_WARN__DUPLICATE_METHOD_MATCH = YES;
				COPY_PHASE_STRIP = NO;
				DEBUG_INFORMATION_FORMAT = dwarf;
				DEVELOPMENT_TEAM = U23V762R6V;
				ENABLE_STRICT_OBJC_MSGSEND = YES;
				ENABLE_TESTABILITY = YES;
				ENABLE_USER_SCRIPT_SANDBOXING = YES;
				GCC_C_LANGUAGE_STANDARD = gnu17;
				GCC_DYNAMIC_NO_PIC = NO;
				GCC_NO_COMMON_BLOCKS = YES;
				GCC_OPTIMIZATION_LEVEL = 0;
				GCC_PREPROCESSOR_DEFINITIONS = (
					"DEBUG=1",
					"$(inherited)",
				);
				GCC_WARN_64_TO_32_BIT_CONVERSION = YES;
				GCC_WARN_ABOUT_RETURN_TYPE = YES_ERROR;
				GCC_WARN_UNDECLARED_SELECTOR = YES;
				GCC_WARN_UNINITIALIZED_AUTOS = YES_AGGRESSIVE;
				GCC_WARN_UNUSED_FUNCTION = YES;
				GCC_WARN_UNUSED_VARIABLE = YES;
				IPHONEOS_DEPLOYMENT_TARGET = 26.0;
				LOCALIZATION_PREFERS_STRING_CATALOGS = YES;
				MTL_ENABLE_DEBUG_INFO = INCLUDE_SOURCE;
				MTL_FAST_MATH = YES;
				ONLY_ACTIVE_ARCH = YES;
				SDKROOT = iphoneos;
				SWIFT_ACTIVE_COMPILATION_CONDITIONS = "DEBUG $(inherited)";
				SWIFT_OPTIMIZATION_LEVEL = "-Onone";
			};
			name = Debug;
		};
		29FB87312EBBD7F200912190 /* Release */ = {
			isa = XCBuildConfiguration;
			buildSettings = {
				ALWAYS_SEARCH_USER_PATHS = NO;
				ASSETCATALOG_COMPILER_GENERATE_SWIFT_ASSET_SYMBOL_EXTENSIONS = YES;
				CLANG_ANALYZER_NONNULL = YES;
				CLANG_ANALYZER_NUMBER_OBJECT_CONVERSION = YES_AGGRESSIVE;
				CLANG_CXX_LANGUAGE_STANDARD = "gnu++20";
				CLANG_ENABLE_MODULES = YES;
				CLANG_ENABLE_OBJC_ARC = YES;
				CLANG_ENABLE_OBJC_WEAK = YES;
				CLANG_WARN_BLOCK_CAPTURE_AUTORELEASING = YES;
				CLANG_WARN_BOOL_CONVERSION = YES;
				CLANG_WARN_COMMA = YES;
				CLANG_WARN_CONSTANT_CONVERSION = YES;
				CLANG_WARN_DEPRECATED_OBJC_IMPLEMENTATIONS = YES;
				CLANG_WARN_DIRECT_OBJC_ISA_USAGE = YES_ERROR;
				CLANG_WARN_DOCUMENTATION_COMMENTS = YES;
				CLANG_WARN_EMPTY_BODY = YES;
				CLANG_WARN_ENUM_CONVERSION = YES;
				CLANG_WARN_INFINITE_RECURSION = YES;
				CLANG_WARN_INT_CONVERSION = YES;
				CLANG_WARN_NON_LITERAL_NULL_CONVERSION = YES;
				CLANG_WARN_OBJC_IMPLICIT_RETAIN_SELF = YES;
				CLANG_WARN_OBJC_LITERAL_CONVERSION = YES;
				CLANG_WARN_OBJC_ROOT_CLASS = YES_ERROR;
				CLANG_WARN_QUOTED_INCLUDE_IN_FRAMEWORK_HEADER = YES;
				CLANG_WARN_RANGE_LOOP_ANALYSIS = YES;
				CLANG_WARN_STRICT_PROTOTYPES = YES;
				CLANG_WARN_SUSPICIOUS_MOVE = YES;
				CLANG_WARN_UNGUARDED_AVAILABILITY = YES_AGGRESSIVE;
				CLANG_WARN_UNREACHABLE_CODE = YES;
				CLANG_WARN__DUPLICATE_METHOD_MATCH = YES;
				COPY_PHASE_STRIP = NO;
				DEBUG_INFORMATION_FORMAT = "dwarf-with-dsym";
				DEVELOPMENT_TEAM = U23V762R6V;
				ENABLE_NS_ASSERTIONS = NO;
				ENABLE_STRICT_OBJC_MSGSEND = YES;
				ENABLE_USER_SCRIPT_SANDBOXING = YES;
				GCC_C_LANGUAGE_STANDARD = gnu17;
				GCC_NO_COMMON_BLOCKS = YES;
				GCC_WARN_64_TO_32_BIT_CONVERSION = YES;
				GCC_WARN_ABOUT_RETURN_TYPE = YES_ERROR;
				GCC_WARN_UNDECLARED_SELECTOR = YES;
				GCC_WARN_UNINITIALIZED_AUTOS = YES_AGGRESSIVE;
				GCC_WARN_UNUSED_FUNCTION = YES;
				GCC_WARN_UNUSED_VARIABLE = YES;
				IPHONEOS_DEPLOYMENT_TARGET = 26.0;
				LOCALIZATION_PREFERS_STRING_CATALOGS = YES;
				MTL_ENABLE_DEBUG_INFO = NO;
				MTL_FAST_MATH = YES;
				SDKROOT = iphoneos;
				SWIFT_COMPILATION_MODE = wholemodule;
				VALIDATE_PRODUCT = YES;
			};
			name = Release;
		};
		29FB87332EBBD7F200912190 /* Debug */ = {
			isa = XCBuildConfiguration;
			buildSettings = {
				ASSETCATALOG_COMPILER_APPICON_NAME = AppIcon;
				ASSETCATALOG_COMPILER_GLOBAL_ACCENT_COLOR_NAME = AccentColor;
				CODE_SIGN_STYLE = Automatic;
				CURRENT_PROJECT_VERSION = 1;
				DEVELOPMENT_TEAM = U23V762R6V;
				ENABLE_PREVIEWS = YES;
				GENERATE_INFOPLIST_FILE = YES;
				INFOPLIST_KEY_CFBundleDisplayName = "Claude Learn";
				INFOPLIST_KEY_UIApplicationSceneManifest_Generation = YES;
				INFOPLIST_KEY_UIApplicationSupportsIndirectInputEvents = YES;
				INFOPLIST_KEY_UILaunchScreen_Generation = YES;
				INFOPLIST_KEY_UISupportedInterfaceOrientations = UIInterfaceOrientationPortrait;
				INFOPLIST_KEY_UISupportedInterfaceOrientations_iPad = "UIInterfaceOrientationLandscapeLeft UIInterfaceOrientationLandscapeRight UIInterfaceOrientationPortrait UIInterfaceOrientationPortraitUpsideDown";
				LD_RUNPATH_SEARCH_PATHS = (
					"$(inherited)",
					"@executable_path/Frameworks",
				);
				MARKETING_VERSION = 1.0;
				PRODUCT_BUNDLE_IDENTIFIER = "com.app.Blueberry-Learn";
				PRODUCT_NAME = "$(TARGET_NAME)";
				STRING_CATALOG_GENERATE_SYMBOLS = YES;
				SUPPORTED_PLATFORMS = "iphoneos iphonesimulator";
				SUPPORTS_MACCATALYST = NO;
				SWIFT_DEFAULT_ACTOR_ISOLATION = MainActor;
				SWIFT_EMIT_LOC_STRINGS = YES;
				SWIFT_UPCOMING_FEATURE_MEMBER_IMPORT_VISIBILITY = YES;
				SWIFT_VERSION = 5.0;
				TARGETED_DEVICE_FAMILY = 1;
			};
			name = Debug;
		};
		29FB87342EBBD7F200912190 /* Release */ = {
			isa = XCBuildConfiguration;
			buildSettings = {
				ASSETCATALOG_COMPILER_APPICON_NAME = AppIcon;
				ASSETCATALOG_COMPILER_GLOBAL_ACCENT_COLOR_NAME = AccentColor;
				CODE_SIGN_STYLE = Automatic;
				CURRENT_PROJECT_VERSION = 1;
				DEVELOPMENT_TEAM = U23V762R6V;
				ENABLE_PREVIEWS = YES;
				GENERATE_INFOPLIST_FILE = YES;
				INFOPLIST_KEY_CFBundleDisplayName = "Claude Learn";
				INFOPLIST_KEY_UIApplicationSceneManifest_Generation = YES;
				INFOPLIST_KEY_UIApplicationSupportsIndirectInputEvents = YES;
				INFOPLIST_KEY_UILaunchScreen_Generation = YES;
				INFOPLIST_KEY_UISupportedInterfaceOrientations = UIInterfaceOrientationPortrait;
				INFOPLIST_KEY_UISupportedInterfaceOrientations_iPad = "UIInterfaceOrientationLandscapeLeft UIInterfaceOrientationLandscapeRight UIInterfaceOrientationPortrait UIInterfaceOrientationPortraitUpsideDown";
				LD_RUNPATH_SEARCH_PATHS = (
					"$(inherited)",
					"@executable_path/Frameworks",
				);
				MARKETING_VERSION = 1.0;
				PRODUCT_BUNDLE_IDENTIFIER = "com.app.Blueberry-Learn";
				PRODUCT_NAME = "$(TARGET_NAME)";
				STRING_CATALOG_GENERATE_SYMBOLS = YES;
				SUPPORTED_PLATFORMS = "iphoneos iphonesimulator";
				SUPPORTS_MACCATALYST = NO;
				SWIFT_DEFAULT_ACTOR_ISOLATION = MainActor;
				SWIFT_EMIT_LOC_STRINGS = YES;
				SWIFT_UPCOMING_FEATURE_MEMBER_IMPORT_VISIBILITY = YES;
				SWIFT_VERSION = 5.0;
				TARGETED_DEVICE_FAMILY = 1;
			};
			name = Release;
		};
		29FB87362EBBD7F200912190 /* Debug */ = {
			isa = XCBuildConfiguration;
			buildSettings = {
				BUNDLE_LOADER = "$(TEST_HOST)";
				CODE_SIGN_STYLE = Automatic;
				CURRENT_PROJECT_VERSION = 1;
				DEVELOPMENT_TEAM = U23V762R6V;
				GENERATE_INFOPLIST_FILE = YES;
				IPHONEOS_DEPLOYMENT_TARGET = 26.0;
				MARKETING_VERSION = 1.0;
				PRODUCT_BUNDLE_IDENTIFIER = "com.app.Blueberry-LearnTests";
				PRODUCT_NAME = "$(TARGET_NAME)";
				STRING_CATALOG_GENERATE_SYMBOLS = NO;
				SWIFT_EMIT_LOC_STRINGS = NO;
				SWIFT_UPCOMING_FEATURE_MEMBER_IMPORT_VISIBILITY = YES;
				SWIFT_VERSION = 5.0;
				TARGETED_DEVICE_FAMILY = "1,2";
				TEST_HOST = "$(BUILT_PRODUCTS_DIR)/Blueberry Learn.app/$(BUNDLE_EXECUTABLE_FOLDER_PATH)/Blueberry Learn";
			};
			name = Debug;
		};
		29FB87372EBBD7F200912190 /* Release */ = {
			isa = XCBuildConfiguration;
			buildSettings = {
				BUNDLE_LOADER = "$(TEST_HOST)";
				CODE_SIGN_STYLE = Automatic;
				CURRENT_PROJECT_VERSION = 1;
				DEVELOPMENT_TEAM = U23V762R6V;
				GENERATE_INFOPLIST_FILE = YES;
				IPHONEOS_DEPLOYMENT_TARGET = 26.0;
				MARKETING_VERSION = 1.0;
				PRODUCT_BUNDLE_IDENTIFIER = "com.app.Blueberry-LearnTests";
				PRODUCT_NAME = "$(TARGET_NAME)";
				STRING_CATALOG_GENERATE_SYMBOLS = NO;
				SWIFT_EMIT_LOC_STRINGS = NO;
				SWIFT_UPCOMING_FEATURE_MEMBER_IMPORT_VISIBILITY = YES;
				SWIFT_VERSION = 5.0;
				TARGETED_DEVICE_FAMILY = "1,2";
				TEST_HOST = "$(BUILT_PRODUCTS_DIR)/Blueberry Learn.app/$(BUNDLE_EXECUTABLE_FOLDER_PATH)/Blueberry Learn";
			};
			name = Release;
		};
		29FB87392EBBD7F200912190 /* Debug */ = {
			isa = XCBuildConfiguration;
			buildSettings = {
				CODE_SIGN_STYLE = Automatic;
				CURRENT_PROJECT_VERSION = 1;
				DEVELOPMENT_TEAM = U23V762R6V;
				GENERATE_INFOPLIST_FILE = YES;
				MARKETING_VERSION = 1.0;
				PRODUCT_BUNDLE_IDENTIFIER = "com.app.Blueberry-LearnUITests";
				PRODUCT_NAME = "$(TARGET_NAME)";
				STRING_CATALOG_GENERATE_SYMBOLS = NO;
				SWIFT_EMIT_LOC_STRINGS = NO;
				SWIFT_UPCOMING_FEATURE_MEMBER_IMPORT_VISIBILITY = YES;
				SWIFT_VERSION = 5.0;
				TARGETED_DEVICE_FAMILY = "1,2";
				TEST_TARGET_NAME = "Blueberry Learn";
			};
			name = Debug;
		};
		29FB873A2EBBD7F200912190 /* Release */ = {
			isa = XCBuildConfiguration;
			buildSettings = {
				CODE_SIGN_STYLE = Automatic;
				CURRENT_PROJECT_VERSION = 1;
				DEVELOPMENT_TEAM = U23V762R6V;
				GENERATE_INFOPLIST_FILE = YES;
				MARKETING_VERSION = 1.0;
				PRODUCT_BUNDLE_IDENTIFIER = "com.app.Blueberry-LearnUITests";
				PRODUCT_NAME = "$(TARGET_NAME)";
				STRING_CATALOG_GENERATE_SYMBOLS = NO;
				SWIFT_EMIT_LOC_STRINGS = NO;
				SWIFT_UPCOMING_FEATURE_MEMBER_IMPORT_VISIBILITY = YES;
				SWIFT_VERSION = 5.0;
				TARGETED_DEVICE_FAMILY = "1,2";
				TEST_TARGET_NAME = "Blueberry Learn";
			};
			name = Release;
		};
/* End XCBuildConfiguration section */

/* Begin XCConfigurationList section */
		29FB870C2EBBD7F100912190 /* Build configuration list for PBXProject "Blueberry Learn" */ = {
			isa = XCConfigurationList;
			buildConfigurations = (
				29FB87302EBBD7F200912190 /* Debug */,
				29FB87312EBBD7F200912190 /* Release */,
			);
			defaultConfigurationIsVisible = 0;
			defaultConfigurationName = Release;
		};
		29FB87322EBBD7F200912190 /* Build configuration list for PBXNativeTarget "Blueberry Learn" */ = {
			isa = XCConfigurationList;
			buildConfigurations = (
				29FB87332EBBD7F200912190 /* Debug */,
				29FB87342EBBD7F200912190 /* Release */,
			);
			defaultConfigurationIsVisible = 0;
			defaultConfigurationName = Release;
		};
		29FB87352EBBD7F200912190 /* Build configuration list for PBXNativeTarget "Blueberry LearnTests" */ = {
			isa = XCConfigurationList;
			buildConfigurations = (
				29FB87362EBBD7F200912190 /* Debug */,
				29FB87372EBBD7F200912190 /* Release */,
			);
			defaultConfigurationIsVisible = 0;
			defaultConfigurationName = Release;
		};
		29FB87382EBBD7F200912190 /* Build configuration list for PBXNativeTarget "Blueberry LearnUITests" */ = {
			isa = XCConfigurationList;
			buildConfigurations = (
				29FB87392EBBD7F200912190 /* Debug */,
				29FB873A2EBBD7F200912190 /* Release */,
			);
			defaultConfigurationIsVisible = 0;
			defaultConfigurationName = Release;
		};
/* End XCConfigurationList section */

/* Begin XCRemoteSwiftPackageReference section */
		29FB873B2EBC0B2C00912190 /* XCRemoteSwiftPackageReference "AIProxySwift" */ = {
			isa = XCRemoteSwiftPackageReference;
			repositoryURL = "https://github.com/lzell/AIProxySwift";
			requirement = {
				kind = upToNextMajorVersion;
				minimumVersion = 0.130.0;
			};
		};
/* End XCRemoteSwiftPackageReference section */

/* Begin XCSwiftPackageProductDependency section */
		29FB873C2EBC0B2C00912190 /* AIProxy */ = {
			isa = XCSwiftPackageProductDependency;
			package = 29FB873B2EBC0B2C00912190 /* XCRemoteSwiftPackageReference "AIProxySwift" */;
			productName = AIProxy;
		};
/* End XCSwiftPackageProductDependency section */
	};
	rootObject = 29FB87092EBBD7F100912190 /* Project object */;
}
